github.com/kittenbark/tg v0.0.0-20250211070048-5e2ce9ab7864 h1:Jx6j2zKWqMykXrqozf+YVrS+wYNpj7C+n9Jh/nGhAHs=
github.com/kittenbark/tg v0.0.0-20250211070048-5e2ce9ab7864/go.mod h1:n84Rl0h0IaG+pLij7L9PSwErJCbG755uoqf3pLhw4BY=
github.com/kittenbark/tg v0.0.0-20250211095949-66e12ce9750e h1:5CHof3UpIvFfdJ9KKsWYpervgG+x7L5/g1Fi9B/yyCE=
github.com/kittenbark/tg v0.0.0-20250211095949-66e12ce9750e/go.mod h1:n84Rl0h0IaG+pLij7L9PSwErJCbG755uoqf3pLhw4BY=
